
Microsoft Visual Studio Solution File, Format Version 12.00
# Visual Studio Version 16
VisualStudioVersion = 16.0.31702.278
MinimumVisualStudioVersion = 10.0.40219.1
Project("{FAE04EC0-301F-11D3-BF4B-00C04F79EFBC}") = "Parcial2DB", "Parcial2DB\Parcial2DB.csproj", "{92F03870-1BC3-490E-8C40-323ED3DD4DBE}"
EndProject
Global
	GlobalSection(SolutionConfigurationPlatforms) = preSolution
		Debug|Any CPU = Debug|Any CPU
		Release|Any CPU = Release|Any CPU
	EndGlobalSection
	GlobalSection(ProjectConfigurationPlatforms) = postSolution
		{92F03870-1BC3-490E-8C40-323ED3DD4DBE}.Debug|Any CPU.ActiveCfg = Debug|Any CPU
		{92F03870-1BC3-490E-8C40-323ED3DD4DBE}.Debug|Any CPU.Build.0 = Debug|Any CPU
		{92F03870-1BC3-490E-8C40-323ED3DD4DBE}.Release|Any CPU.ActiveCfg = Release|Any CPU
		{92F03870-1BC3-490E-8C40-323ED3DD4DBE}.Release|Any CPU.Build.0 = Release|Any CPU
	EndGlobalSection
	GlobalSection(SolutionProperties) = preSolution
		HideSolutionNode = FALSE
	EndGlobalSection
	GlobalSection(ExtensibilityGlobals) = postSolution
		SolutionGuid = {5F97F3FF-BAD4-46E9-A74F-F29C0E9F79F1}
	EndGlobalSection
EndGlobal
